# This file is autogenerated, do not edit; changes may be undone by the next 'dep ensure'.


[[projects]]
  name = "github.com/JGrotex/GrovePi"
  packages = ["Software/Go/grovepi"]
  revision = "a2c513640fe4fd6fa09fe48c1d117e9a0a5305e1"
  version = "1.2.2"

[[projects]]
  name = "github.com/Sirupsen/logrus"
  packages = ["."]
  revision = "c155da19408a8799da419ed3eeb0cb5db0ad5dbc"
  version = "v1.0.5"

[[projects]]
  name = "github.com/TIBCOSoftware/flogo-contrib"
  packages = [
    "action/flow/definition",
    "action/flow/linker",
    "action/flow/model",
    "action/flow/model/simple",
    "action/flow/support",
    "action/flow/test",
    "action/flow/util"
  ]
  revision = "6c29a93c8fafbfafdaa42b884cb6eca739a78d9e"
  version = "v0.5.4"

[[projects]]
  name = "github.com/TIBCOSoftware/flogo-lib"
  packages = [
    "app/resource",
    "config",
    "core/action",
    "core/activity",
    "core/data",
    "core/mapper",
    "core/mapper/exprmapper",
    "core/mapper/exprmapper/expression",
    "core/mapper/exprmapper/expression/direction",
    "core/mapper/exprmapper/expression/expr",
    "core/mapper/exprmapper/expression/function",
    "core/mapper/exprmapper/expression/gocc/errors",
    "core/mapper/exprmapper/expression/gocc/lexer",
    "core/mapper/exprmapper/expression/gocc/parser",
    "core/mapper/exprmapper/expression/gocc/token",
    "core/mapper/exprmapper/funcexprtype",
    "core/mapper/exprmapper/function/number/random",
    "core/mapper/exprmapper/function/string/concat",
    "core/mapper/exprmapper/function/string/equals",
    "core/mapper/exprmapper/function/string/equalsignorecase",
    "core/mapper/exprmapper/function/string/length",
    "core/mapper/exprmapper/json",
    "core/mapper/exprmapper/json/field",
    "core/mapper/exprmapper/ref",
    "core/trigger",
    "logger",
    "util",
    "util/managed"
  ]
  revision = "96ec42893bad7cec8fb8a6f48c5957f3b47c7d6e"
  version = "v0.5.4"

[[projects]]
  branch = "master"
  name = "github.com/almerlucke/go-iban"
  packages = ["iban"]
  revision = "316a6e2335b3b1b69e8b4faecbf3ac26a1aa3619"

[[projects]]
  branch = "master"
  name = "github.com/carlescere/scheduler"
  packages = ["."]
  revision = "ee74d2f83d82cd1d2e92ed3ec3dbaf162ca5ece5"

[[projects]]
  name = "github.com/davecgh/go-spew"
  packages = ["spew"]
  revision = "346938d642f2ec3594ed81d874461961cd0faa76"
  version = "v1.1.0"

[[projects]]
  name = "github.com/eclipse/paho.mqtt.golang"
  packages = [
    ".",
    "packets"
  ]
  revision = "36d01c2b4cbeb3d2a12063e4880ce30800af9560"
  version = "v1.1.1"

[[projects]]
  name = "github.com/go-redis/redis"
  packages = [
    ".",
    "internal",
    "internal/consistenthash",
    "internal/hashtag",
    "internal/pool",
    "internal/proto",
    "internal/singleflight",
    "internal/util"
  ]
  revision = "83fb42932f6145ce52df09860384a4653d2d332a"
  version = "v6.12.0"

[[projects]]
  branch = "master"
  name = "github.com/gocql/gocql"
  packages = [
    ".",
    "internal/lru",
    "internal/murmur",
    "internal/streams"
  ]
  revision = "a440a5bda81b65dc1235fba4a00ef5a6563f9f43"

[[projects]]
  branch = "master"
  name = "github.com/golang/snappy"
  packages = ["."]
  revision = "2e65f85255dbc3072edf28d6b5b8efc472979f5a"

[[projects]]
  name = "github.com/gorilla/websocket"
  packages = ["."]
  revision = "ea4d1f681babbce9545c9c5f3d5194a789c89f5b"
  version = "v1.2.0"

[[projects]]
  branch = "master"
  name = "github.com/hailocab/go-hostpool"
  packages = ["."]
  revision = "e80d13ce29ede4452c43dea11e79b9bc8a15b478"

[[projects]]
  branch = "master"
  name = "github.com/jvanderl/go-gatt"
  packages = [
    ".",
    "examples/option",
    "linux",
    "linux/cmd",
    "linux/evt",
    "linux/gioctl",
    "linux/socket",
    "linux/util",
    "xpc"
  ]
  revision = "1e18d04300aaa2d2ba012d00dd80e9f1780613a8"

[[projects]]
  branch = "master"
  name = "github.com/jvanderl/tib-eftl"
  packages = ["."]
  revision = "9da12bd1ca45afabea127889902a4cc8ee7bb342"

[[projects]]
  name = "github.com/mrmorphic/hwio"
  packages = ["."]
  revision = "31c3eee75cb2f64e31e0bd6bc20dfb4bfe0f5e80"
  version = "0.2"

[[projects]]
  name = "github.com/nlopes/slack"
  packages = ["."]
  revision = "8ab4d0b364ef1e9af5d102531da20d5ec902b6c4"
  version = "v0.2.0"

[[projects]]
  name = "github.com/optiopay/kafka"
  packages = [
    ".",
    "proto"
  ]
  revision = "7a38838cf6773bab4b400eda0ceb122177a69ad3"
  version = "v2.0.2"

[[projects]]
  name = "github.com/pmezard/go-difflib"
  packages = ["difflib"]
  revision = "792786c7400a136282c1664665ae0a8db921c6c2"
  version = "v1.0.0"

[[projects]]
  name = "github.com/stianeikeland/go-rpio"
  packages = ["."]
  revision = "3abdd2207d33843c1c3fbea540bdf07990075c03"
  version = "4.1.0"

[[projects]]
  name = "github.com/stretchr/testify"
  packages = ["assert"]
  revision = "f35b8ab0b5a2cef36673838d662e249dd9c94686"
  version = "v1.2.2"

[[projects]]
  branch = "master"
  name = "golang.org/x/crypto"
  packages = ["ssh/terminal"]
  revision = "8ac0e0d97ce45cd83d1d7243c060cb8461dda5e9"

[[projects]]
  branch = "master"
  name = "golang.org/x/net"
  packages = [
    "internal/socks",
    "proxy",
    "websocket"
  ]
  revision = "db08ff08e8622530d9ed3a0e8ac279f6d4c02196"

[[projects]]
  branch = "master"
  name = "golang.org/x/sys"
  packages = [
    "unix",
    "windows"
  ]
  revision = "a9e25c09b96b8870693763211309e213c6ef299d"

[[projects]]
  name = "gopkg.in/inf.v0"
  packages = ["."]
  revision = "d2d2541c53f18d2a059457998ce2876cc8e67cbf"
  version = "v0.9.1"

[solve-meta]
  analyzer-name = "dep"
  analyzer-version = 1
  inputs-digest = "f1f25d7be0d8e5ef757978dac775beae4b854dcc2230d96e73c9018d12f9f678"
  solver-name = "gps-cdcl"
  solver-version = 1
